
Microsoft Visual Studio Solution File, Format Version 12.00
# Visual Studio Version 17
VisualStudioVersion = 17.7.34202.233
MinimumVisualStudioVersion = 10.0.40219.1
Project("{FAE04EC0-301F-11D3-BF4B-00C04F79EFBC}") = "RevitExternalExeTestAddin", "RevitExternalExeTestAddin\RevitExternalExeTestAddin.csproj", "{3E2E47BC-0EC5-4163-BD89-B258BA1F4E79}"
EndProject
Global
	GlobalSection(SolutionConfigurationPlatforms) = preSolution
		Debug|Any CPU = Debug|Any CPU
		Release|Any CPU = Release|Any CPU
	EndGlobalSection
	GlobalSection(ProjectConfigurationPlatforms) = postSolution
		{3E2E47BC-0EC5-4163-BD89-B258BA1F4E79}.Debug|Any CPU.ActiveCfg = Debug|Any CPU
		{3E2E47BC-0EC5-4163-BD89-B258BA1F4E79}.Debug|Any CPU.Build.0 = Debug|Any CPU
		{3E2E47BC-0EC5-4163-BD89-B258BA1F4E79}.Release|Any CPU.ActiveCfg = Release|Any CPU
		{3E2E47BC-0EC5-4163-BD89-B258BA1F4E79}.Release|Any CPU.Build.0 = Release|Any CPU
	EndGlobalSection
	GlobalSection(SolutionProperties) = preSolution
		HideSolutionNode = FALSE
	EndGlobalSection
	GlobalSection(ExtensibilityGlobals) = postSolution
		SolutionGuid = {CC7F47BA-A295-452C-BD2C-6BBF4E0A274D}
	EndGlobalSection
EndGlobal
